
Microsoft Visual Studio Solution File, Format Version 12.00
# Visual Studio Version 17
VisualStudioVersion = 17.3.32922.545
MinimumVisualStudioVersion = 10.0.40219.1
Project("{9A19103F-16F7-4668-BE54-9A1E7A4F7556}") = "CustomSpriteGeneratorMetier", "CustomSpriteGeneratorMetier\CustomSpriteGeneratorMetier.csproj", "{6BD56DC2-3D66-4C70-8DB2-8EDAC8428F93}"
EndProject
Project("{2150E333-8FDC-42A3-9474-1A3956D46DE8}") = "Éléments de solution", "Éléments de solution", "{2070F05B-F574-40EC-B2A3-66E7E3B3B1A6}"
	ProjectSection(SolutionItems) = preProject
		..\..\..\..\..\..\Downloads\Chicken.ico = ..\..\..\..\..\..\Downloads\Chicken.ico
	EndProjectSection
EndProject
Project("{FAE04EC0-301F-11D3-BF4B-00C04F79EFBC}") = "SpriteMaker", "SpriteMaker\SpriteMaker.csproj", "{ADF852B2-6F3D-46CD-8F3C-BF09D22368D1}"
EndProject
Global
	GlobalSection(SolutionConfigurationPlatforms) = preSolution
		Debug|Any CPU = Debug|Any CPU
		Release|Any CPU = Release|Any CPU
	EndGlobalSection
	GlobalSection(ProjectConfigurationPlatforms) = postSolution
		{6BD56DC2-3D66-4C70-8DB2-8EDAC8428F93}.Debug|Any CPU.ActiveCfg = Debug|Any CPU
		{6BD56DC2-3D66-4C70-8DB2-8EDAC8428F93}.Debug|Any CPU.Build.0 = Debug|Any CPU
		{6BD56DC2-3D66-4C70-8DB2-8EDAC8428F93}.Release|Any CPU.ActiveCfg = Release|Any CPU
		{6BD56DC2-3D66-4C70-8DB2-8EDAC8428F93}.Release|Any CPU.Build.0 = Release|Any CPU
		{ADF852B2-6F3D-46CD-8F3C-BF09D22368D1}.Debug|Any CPU.ActiveCfg = Debug|Any CPU
		{ADF852B2-6F3D-46CD-8F3C-BF09D22368D1}.Debug|Any CPU.Build.0 = Debug|Any CPU
		{ADF852B2-6F3D-46CD-8F3C-BF09D22368D1}.Release|Any CPU.ActiveCfg = Release|Any CPU
		{ADF852B2-6F3D-46CD-8F3C-BF09D22368D1}.Release|Any CPU.Build.0 = Release|Any CPU
	EndGlobalSection
	GlobalSection(SolutionProperties) = preSolution
		HideSolutionNode = FALSE
	EndGlobalSection
	GlobalSection(ExtensibilityGlobals) = postSolution
		SolutionGuid = {A0CADF50-65DB-4A3F-BA27-CC77B70A3138}
	EndGlobalSection
EndGlobal
